
Microsoft Visual Studio Solution File, Format Version 12.00
# Visual Studio 2013
VisualStudioVersion = 12.0.21005.1
MinimumVisualStudioVersion = 10.0.40219.1
Project("{FAE04EC0-301F-11D3-BF4B-00C04F79EFBC}") = "OpticalTouch", "OpticalTouch1\OpticalTouch.csproj", "{FE772AE2-9B85-4740-9F14-57A763460544}"
EndProject
Project("{FAE04EC0-301F-11D3-BF4B-00C04F79EFBC}") = "MouseDrawBoard", "..\..\..\SenseBoard\SenseBoard\MouseDrawBoard.csproj", "{6C6CF389-977F-475A-98B5-CC15F73A54AB}"
EndProject
Global
	GlobalSection(SolutionConfigurationPlatforms) = preSolution
		Debug|Any CPU = Debug|Any CPU
		Release|Any CPU = Release|Any CPU
	EndGlobalSection
	GlobalSection(ProjectConfigurationPlatforms) = postSolution
		{FE772AE2-9B85-4740-9F14-57A763460544}.Debug|Any CPU.ActiveCfg = Debug|Any CPU
		{FE772AE2-9B85-4740-9F14-57A763460544}.Debug|Any CPU.Build.0 = Debug|Any CPU
		{FE772AE2-9B85-4740-9F14-57A763460544}.Release|Any CPU.ActiveCfg = Release|Any CPU
		{FE772AE2-9B85-4740-9F14-57A763460544}.Release|Any CPU.Build.0 = Release|Any CPU
		{6C6CF389-977F-475A-98B5-CC15F73A54AB}.Debug|Any CPU.ActiveCfg = Debug|Any CPU
		{6C6CF389-977F-475A-98B5-CC15F73A54AB}.Debug|Any CPU.Build.0 = Debug|Any CPU
		{6C6CF389-977F-475A-98B5-CC15F73A54AB}.Release|Any CPU.ActiveCfg = Release|Any CPU
		{6C6CF389-977F-475A-98B5-CC15F73A54AB}.Release|Any CPU.Build.0 = Release|Any CPU
	EndGlobalSection
	GlobalSection(SolutionProperties) = preSolution
		HideSolutionNode = FALSE
	EndGlobalSection
EndGlobal
